// !$*UTF8*$!
{
	archiveVersion = 1;
	classes = {
	};
	objectVersion = 50;
	objects = {

/* Begin PBXBuildFile section */
		0CBF062EB0419032264F647B /* Pods_NASA_App_NASA_AppUITests.framework in Frameworks */ = {isa = PBXBuildFile; fileRef = 08700FC86B2FF71E4CCC1C58 /* Pods_NASA_App_NASA_AppUITests.framework */; };
		245113B4262D82AE00E0A630 /* NASA_AppApp.swift in Sources */ = {isa = PBXBuildFile; fileRef = 245113B3262D82AE00E0A630 /* NASA_AppApp.swift */; };
		245113B6262D82AE00E0A630 /* ContentView.swift in Sources */ = {isa = PBXBuildFile; fileRef = 245113B5262D82AE00E0A630 /* ContentView.swift */; };
		245113B8262D82B200E0A630 /* Assets.xcassets in Resources */ = {isa = PBXBuildFile; fileRef = 245113B7262D82B200E0A630 /* Assets.xcassets */; };
		245113BB262D82B200E0A630 /* Preview Assets.xcassets in Resources */ = {isa = PBXBuildFile; fileRef = 245113BA262D82B200E0A630 /* Preview Assets.xcassets */; };
		245113BD262D82B200E0A630 /* Persistence.swift in Sources */ = {isa = PBXBuildFile; fileRef = 245113BC262D82B200E0A630 /* Persistence.swift */; };
		245113C0262D82B200E0A630 /* NASA_App.xcdatamodeld in Sources */ = {isa = PBXBuildFile; fileRef = 245113BE262D82B200E0A630 /* NASA_App.xcdatamodeld */; };
		245113CB262D82B200E0A630 /* NASA_AppTests.swift in Sources */ = {isa = PBXBuildFile; fileRef = 245113CA262D82B200E0A630 /* NASA_AppTests.swift */; };
		245113D6262D82B300E0A630 /* NASA_AppUITests.swift in Sources */ = {isa = PBXBuildFile; fileRef = 245113D5262D82B300E0A630 /* NASA_AppUITests.swift */; };
		462FCB42CE77E9C5A07F8A01 /* Pods_NASA_AppTests.framework in Frameworks */ = {isa = PBXBuildFile; fileRef = 59E4A1200697F8E6A0C46FB2 /* Pods_NASA_AppTests.framework */; };
		E426D6054C89C3965127B86A /* Pods_NASA_App.framework in Frameworks */ = {isa = PBXBuildFile; fileRef = 2CFC46BB0FDB9CAC31B0A1AC /* Pods_NASA_App.framework */; };
/* End PBXBuildFile section */

/* Begin PBXContainerItemProxy section */
		245113C7262D82B200E0A630 /* PBXContainerItemProxy */ = {
			isa = PBXContainerItemProxy;
			containerPortal = 245113A8262D82AE00E0A630 /* Project object */;
			proxyType = 1;
			remoteGlobalIDString = 245113AF262D82AE00E0A630;
			remoteInfo = NASA_App;
		};
		245113D2262D82B300E0A630 /* PBXContainerItemProxy */ = {
			isa = PBXContainerItemProxy;
			containerPortal = 245113A8262D82AE00E0A630 /* Project object */;
			proxyType = 1;
			remoteGlobalIDString = 245113AF262D82AE00E0A630;
			remoteInfo = NASA_App;
		};
/* End PBXContainerItemProxy section */

/* Begin PBXFileReference section */
		08700FC86B2FF71E4CCC1C58 /* Pods_NASA_App_NASA_AppUITests.framework */ = {isa = PBXFileReference; explicitFileType = wrapper.framework; includeInIndex = 0; path = Pods_NASA_App_NASA_AppUITests.framework; sourceTree = BUILT_PRODUCTS_DIR; };
		245113B0262D82AE00E0A630 /* NASA_App.app */ = {isa = PBXFileReference; explicitFileType = wrapper.application; includeInIndex = 0; path = NASA_App.app; sourceTree = BUILT_PRODUCTS_DIR; };
		245113B3262D82AE00E0A630 /* NASA_AppApp.swift */ = {isa = PBXFileReference; lastKnownFileType = sourcecode.swift; path = NASA_AppApp.swift; sourceTree = "<group>"; };
		245113B5262D82AE00E0A630 /* ContentView.swift */ = {isa = PBXFileReference; lastKnownFileType = sourcecode.swift; path = ContentView.swift; sourceTree = "<group>"; };
		245113B7262D82B200E0A630 /* Assets.xcassets */ = {isa = PBXFileReference; lastKnownFileType = folder.assetcatalog; path = Assets.xcassets; sourceTree = "<group>"; };
		245113BA262D82B200E0A630 /* Preview Assets.xcassets */ = {isa = PBXFileReference; lastKnownFileType = folder.assetcatalog; path = "Preview Assets.xcassets"; sourceTree = "<group>"; };
		245113BC262D82B200E0A630 /* Persistence.swift */ = {isa = PBXFileReference; lastKnownFileType = sourcecode.swift; path = Persistence.swift; sourceTree = "<group>"; };
		245113BF262D82B200E0A630 /* NASA_App.xcdatamodel */ = {isa = PBXFileReference; lastKnownFileType = wrapper.xcdatamodel; path = NASA_App.xcdatamodel; sourceTree = "<group>"; };
		245113C1262D82B200E0A630 /* Info.plist */ = {isa = PBXFileReference; lastKnownFileType = text.plist.xml; path = Info.plist; sourceTree = "<group>"; };
		245113C6262D82B200E0A630 /* NASA_AppTests.xctest */ = {isa = PBXFileReference; explicitFileType = wrapper.cfbundle; includeInIndex = 0; path = NASA_AppTests.xctest; sourceTree = BUILT_PRODUCTS_DIR; };
		245113CA262D82B200E0A630 /* NASA_AppTests.swift */ = {isa = PBXFileReference; lastKnownFileType = sourcecode.swift; path = NASA_AppTests.swift; sourceTree = "<group>"; };
		245113CC262D82B200E0A630 /* Info.plist */ = {isa = PBXFileReference; lastKnownFileType = text.plist.xml; path = Info.plist; sourceTree = "<group>"; };
		245113D1262D82B300E0A630 /* NASA_AppUITests.xctest */ = {isa = PBXFileReference; explicitFileType = wrapper.cfbundle; includeInIndex = 0; path = NASA_AppUITests.xctest; sourceTree = BUILT_PRODUCTS_DIR; };
		245113D5262D82B300E0A630 /* NASA_AppUITests.swift */ = {isa = PBXFileReference; lastKnownFileType = sourcecode.swift; path = NASA_AppUITests.swift; sourceTree = "<group>"; };
		245113D7262D82B300E0A630 /* Info.plist */ = {isa = PBXFileReference; lastKnownFileType = text.plist.xml; path = Info.plist; sourceTree = "<group>"; };
		2CFC46BB0FDB9CAC31B0A1AC /* Pods_NASA_App.framework */ = {isa = PBXFileReference; explicitFileType = wrapper.framework; includeInIndex = 0; path = Pods_NASA_App.framework; sourceTree = BUILT_PRODUCTS_DIR; };
		2DF066DAC6A18E59C262F36E /* Pods-NASA_App.debug.xcconfig */ = {isa = PBXFileReference; includeInIndex = 1; lastKnownFileType = text.xcconfig; name = "Pods-NASA_App.debug.xcconfig"; path = "Target Support Files/Pods-NASA_App/Pods-NASA_App.debug.xcconfig"; sourceTree = "<group>"; };
		59E4A1200697F8E6A0C46FB2 /* Pods_NASA_AppTests.framework */ = {isa = PBXFileReference; explicitFileType = wrapper.framework; includeInIndex = 0; path = Pods_NASA_AppTests.framework; sourceTree = BUILT_PRODUCTS_DIR; };
		68795935C6CB1226D04AAA08 /* Pods-NASA_App-NASA_AppUITests.debug.xcconfig */ = {isa = PBXFileReference; includeInIndex = 1; lastKnownFileType = text.xcconfig; name = "Pods-NASA_App-NASA_AppUITests.debug.xcconfig"; path = "Target Support Files/Pods-NASA_App-NASA_AppUITests/Pods-NASA_App-NASA_AppUITests.debug.xcconfig"; sourceTree = "<group>"; };
		79FD99C1D547B4181ABA0732 /* Pods-NASA_AppTests.debug.xcconfig */ = {isa = PBXFileReference; includeInIndex = 1; lastKnownFileType = text.xcconfig; name = "Pods-NASA_AppTests.debug.xcconfig"; path = "Target Support Files/Pods-NASA_AppTests/Pods-NASA_AppTests.debug.xcconfig"; sourceTree = "<group>"; };
		9C68C7FE35FEB721AEAA2595 /* Pods-NASA_App.release.xcconfig */ = {isa = PBXFileReference; includeInIndex = 1; lastKnownFileType = text.xcconfig; name = "Pods-NASA_App.release.xcconfig"; path = "Target Support Files/Pods-NASA_App/Pods-NASA_App.release.xcconfig"; sourceTree = "<group>"; };
		BD33B08BAA0B1EF134411CAC /* Pods-NASA_App-NASA_AppUITests.release.xcconfig */ = {isa = PBXFileReference; includeInIndex = 1; lastKnownFileType = text.xcconfig; name = "Pods-NASA_App-NASA_AppUITests.release.xcconfig"; path = "Target Support Files/Pods-NASA_App-NASA_AppUITests/Pods-NASA_App-NASA_AppUITests.release.xcconfig"; sourceTree = "<group>"; };
		D204A99111595FE031DE8612 /* Pods-NASA_AppTests.release.xcconfig */ = {isa = PBXFileReference; includeInIndex = 1; lastKnownFileType = text.xcconfig; name = "Pods-NASA_AppTests.release.xcconfig"; path = "Target Support Files/Pods-NASA_AppTests/Pods-NASA_AppTests.release.xcconfig"; sourceTree = "<group>"; };
/* End PBXFileReference section */

/* Begin PBXFrameworksBuildPhase section */
		245113AD262D82AE00E0A630 /* Frameworks */ = {
			isa = PBXFrameworksBuildPhase;
			buildActionMask = 2147483647;
			files = (
				E426D6054C89C3965127B86A /* Pods_NASA_App.framework in Frameworks */,
			);
			runOnlyForDeploymentPostprocessing = 0;
		};
		245113C3262D82B200E0A630 /* Frameworks */ = {
			isa = PBXFrameworksBuildPhase;
			buildActionMask = 2147483647;
			files = (
				462FCB42CE77E9C5A07F8A01 /* Pods_NASA_AppTests.framework in Frameworks */,
			);
			runOnlyForDeploymentPostprocessing = 0;
		};
		245113CE262D82B300E0A630 /* Frameworks */ = {
			isa = PBXFrameworksBuildPhase;
			buildActionMask = 2147483647;
			files = (
				0CBF062EB0419032264F647B /* Pods_NASA_App_NASA_AppUITests.framework in Frameworks */,
			);
			runOnlyForDeploymentPostprocessing = 0;
		};
/* End PBXFrameworksBuildPhase section */

/* Begin PBXGroup section */
		245113A7262D82AE00E0A630 = {
			isa = PBXGroup;
			children = (
				245113B2262D82AE00E0A630 /* NASA_App */,
				245113C9262D82B200E0A630 /* NASA_AppTests */,
				245113D4262D82B300E0A630 /* NASA_AppUITests */,
				245113B1262D82AE00E0A630 /* Products */,
				689A8AE3DA5061165FE8AFD0 /* Pods */,
				5A4EFA6569804E4AADDD5ACF /* Frameworks */,
			);
			sourceTree = "<group>";
		};
		245113B1262D82AE00E0A630 /* Products */ = {
			isa = PBXGroup;
			children = (
				245113B0262D82AE00E0A630 /* NASA_App.app */,
				245113C6262D82B200E0A630 /* NASA_AppTests.xctest */,
				245113D1262D82B300E0A630 /* NASA_AppUITests.xctest */,
			);
			name = Products;
			sourceTree = "<group>";
		};
		245113B2262D82AE00E0A630 /* NASA_App */ = {
			isa = PBXGroup;
			children = (
				245113B3262D82AE00E0A630 /* NASA_AppApp.swift */,
				245113B5262D82AE00E0A630 /* ContentView.swift */,
				245113B7262D82B200E0A630 /* Assets.xcassets */,
				245113BC262D82B200E0A630 /* Persistence.swift */,
				245113C1262D82B200E0A630 /* Info.plist */,
				245113BE262D82B200E0A630 /* NASA_App.xcdatamodeld */,
				245113B9262D82B200E0A630 /* Preview Content */,
			);
			path = NASA_App;
			sourceTree = "<group>";
		};
		245113B9262D82B200E0A630 /* Preview Content */ = {
			isa = PBXGroup;
			children = (
				245113BA262D82B200E0A630 /* Preview Assets.xcassets */,
			);
			path = "Preview Content";
			sourceTree = "<group>";
		};
		245113C9262D82B200E0A630 /* NASA_AppTests */ = {
			isa = PBXGroup;
			children = (
				245113CA262D82B200E0A630 /* NASA_AppTests.swift */,
				245113CC262D82B200E0A630 /* Info.plist */,
			);
			path = NASA_AppTests;
			sourceTree = "<group>";
		};
		245113D4262D82B300E0A630 /* NASA_AppUITests */ = {
			isa = PBXGroup;
			children = (
				245113D5262D82B300E0A630 /* NASA_AppUITests.swift */,
				245113D7262D82B300E0A630 /* Info.plist */,
			);
			path = NASA_AppUITests;
			sourceTree = "<group>";
		};
		5A4EFA6569804E4AADDD5ACF /* Frameworks */ = {
			isa = PBXGroup;
			children = (
				2CFC46BB0FDB9CAC31B0A1AC /* Pods_NASA_App.framework */,
				08700FC86B2FF71E4CCC1C58 /* Pods_NASA_App_NASA_AppUITests.framework */,
				59E4A1200697F8E6A0C46FB2 /* Pods_NASA_AppTests.framework */,
			);
			name = Frameworks;
			sourceTree = "<group>";
		};
		689A8AE3DA5061165FE8AFD0 /* Pods */ = {
			isa = PBXGroup;
			children = (
				2DF066DAC6A18E59C262F36E /* Pods-NASA_App.debug.xcconfig */,
				9C68C7FE35FEB721AEAA2595 /* Pods-NASA_App.release.xcconfig */,
				68795935C6CB1226D04AAA08 /* Pods-NASA_App-NASA_AppUITests.debug.xcconfig */,
				BD33B08BAA0B1EF134411CAC /* Pods-NASA_App-NASA_AppUITests.release.xcconfig */,
				79FD99C1D547B4181ABA0732 /* Pods-NASA_AppTests.debug.xcconfig */,
				D204A99111595FE031DE8612 /* Pods-NASA_AppTests.release.xcconfig */,
			);
			name = Pods;
			path = Pods;
			sourceTree = "<group>";
		};
/* End PBXGroup section */

/* Begin PBXNativeTarget section */
		245113AF262D82AE00E0A630 /* NASA_App */ = {
			isa = PBXNativeTarget;
			buildConfigurationList = 245113DA262D82B300E0A630 /* Build configuration list for PBXNativeTarget "NASA_App" */;
			buildPhases = (
				693449E948023EA2C88E714C /* [CP] Check Pods Manifest.lock */,
				245113AC262D82AE00E0A630 /* Sources */,
				245113AD262D82AE00E0A630 /* Frameworks */,
				245113AE262D82AE00E0A630 /* Resources */,
			);
			buildRules = (
			);
			dependencies = (
			);
			name = NASA_App;
			productName = NASA_App;
			productReference = 245113B0262D82AE00E0A630 /* NASA_App.app */;
			productType = "com.apple.product-type.application";
		};
		245113C5262D82B200E0A630 /* NASA_AppTests */ = {
			isa = PBXNativeTarget;
			buildConfigurationList = 245113DD262D82B300E0A630 /* Build configuration list for PBXNativeTarget "NASA_AppTests" */;
			buildPhases = (
				F6280BEF776C408D986F1C80 /* [CP] Check Pods Manifest.lock */,
				245113C2262D82B200E0A630 /* Sources */,
				245113C3262D82B200E0A630 /* Frameworks */,
				245113C4262D82B200E0A630 /* Resources */,
			);
			buildRules = (
			);
			dependencies = (
				245113C8262D82B200E0A630 /* PBXTargetDependency */,
			);
			name = NASA_AppTests;
			productName = NASA_AppTests;
			productReference = 245113C6262D82B200E0A630 /* NASA_AppTests.xctest */;
			productType = "com.apple.product-type.bundle.unit-test";
		};
		245113D0262D82B300E0A630 /* NASA_AppUITests */ = {
			isa = PBXNativeTarget;
			buildConfigurationList = 245113E0262D82B300E0A630 /* Build configuration list for PBXNativeTarget "NASA_AppUITests" */;
			buildPhases = (
				5815E838543427274FF99217 /* [CP] Check Pods Manifest.lock */,
				245113CD262D82B300E0A630 /* Sources */,
				245113CE262D82B300E0A630 /* Frameworks */,
				245113CF262D82B300E0A630 /* Resources */,
			);
			buildRules = (
			);
			dependencies = (
				245113D3262D82B300E0A630 /* PBXTargetDependency */,
			);
			name = NASA_AppUITests;
			productName = NASA_AppUITests;
			productReference = 245113D1262D82B300E0A630 /* NASA_AppUITests.xctest */;
			productType = "com.apple.product-type.bundle.ui-testing";
		};
/* End PBXNativeTarget section */

/* Begin PBXProject section */
		245113A8262D82AE00E0A630 /* Project object */ = {
			isa = PBXProject;
			attributes = {
				LastSwiftUpdateCheck = 1240;
				LastUpgradeCheck = 1240;
				TargetAttributes = {
					245113AF262D82AE00E0A630 = {
						CreatedOnToolsVersion = 12.4;
					};
					245113C5262D82B200E0A630 = {
						CreatedOnToolsVersion = 12.4;
						TestTargetID = 245113AF262D82AE00E0A630;
					};
					245113D0262D82B300E0A630 = {
						CreatedOnToolsVersion = 12.4;
						TestTargetID = 245113AF262D82AE00E0A630;
					};
				};
			};
			buildConfigurationList = 245113AB262D82AE00E0A630 /* Build configuration list for PBXProject "NASA_App" */;
			compatibilityVersion = "Xcode 9.3";
			developmentRegion = en;
			hasScannedForEncodings = 0;
			knownRegions = (
				en,
				Base,
			);
			mainGroup = 245113A7262D82AE00E0A630;
			productRefGroup = 245113B1262D82AE00E0A630 /* Products */;
			projectDirPath = "";
			projectRoot = "";
			targets = (
				245113AF262D82AE00E0A630 /* NASA_App */,
				245113C5262D82B200E0A630 /* NASA_AppTests */,
				245113D0262D82B300E0A630 /* NASA_AppUITests */,
			);
		};
/* End PBXProject section */

/* Begin PBXResourcesBuildPhase section */
		245113AE262D82AE00E0A630 /* Resources */ = {
			isa = PBXResourcesBuildPhase;
			buildActionMask = 2147483647;
			files = (
				245113BB262D82B200E0A630 /* Preview Assets.xcassets in Resources */,
				245113B8262D82B200E0A630 /* Assets.xcassets in Resources */,
			);
			runOnlyForDeploymentPostprocessing = 0;
		};
		245113C4262D82B200E0A630 /* Resources */ = {
			isa = PBXResourcesBuildPhase;
			buildActionMask = 2147483647;
			files = (
			);
			runOnlyForDeploymentPostprocessing = 0;
		};
		245113CF262D82B300E0A630 /* Resources */ = {
			isa = PBXResourcesBuildPhase;
			buildActionMask = 2147483647;
			files = (
			);
			runOnlyForDeploymentPostprocessing = 0;
		};
/* End PBXResourcesBuildPhase section */

/* Begin PBXShellScriptBuildPhase section */
		5815E838543427274FF99217 /* [CP] Check Pods Manifest.lock */ = {
			isa = PBXShellScriptBuildPhase;
			buildActionMask = 2147483647;
			files = (
			);
			inputFileListPaths = (
			);
			inputPaths = (
				"${PODS_PODFILE_DIR_PATH}/Podfile.lock",
				"${PODS_ROOT}/Manifest.lock",
			);
			name = "[CP] Check Pods Manifest.lock";
			outputFileListPaths = (
			);
			outputPaths = (
				"$(DERIVED_FILE_DIR)/Pods-NASA_App-NASA_AppUITests-checkManifestLockResult.txt",
			);
			runOnlyForDeploymentPostprocessing = 0;
			shellPath = /bin/sh;
			shellScript = "diff \"${PODS_PODFILE_DIR_PATH}/Podfile.lock\" \"${PODS_ROOT}/Manifest.lock\" > /dev/null\nif [ $? != 0 ] ; then\n    # print error to STDERR\n    echo \"error: The sandbox is not in sync with the Podfile.lock. Run 'pod install' or update your CocoaPods installation.\" >&2\n    exit 1\nfi\n# This output is used by Xcode 'outputs' to avoid re-running this script phase.\necho \"SUCCESS\" > \"${SCRIPT_OUTPUT_FILE_0}\"\n";
			showEnvVarsInLog = 0;
		};
		693449E948023EA2C88E714C /* [CP] Check Pods Manifest.lock */ = {
			isa = PBXShellScriptBuildPhase;
			buildActionMask = 2147483647;
			files = (
			);
			inputFileListPaths = (
			);
			inputPaths = (
				"${PODS_PODFILE_DIR_PATH}/Podfile.lock",
				"${PODS_ROOT}/Manifest.lock",
			);
			name = "[CP] Check Pods Manifest.lock";
			outputFileListPaths = (
			);
			outputPaths = (
				"$(DERIVED_FILE_DIR)/Pods-NASA_App-checkManifestLockResult.txt",
			);
			runOnlyForDeploymentPostprocessing = 0;
			shellPath = /bin/sh;
			shellScript = "diff \"${PODS_PODFILE_DIR_PATH}/Podfile.lock\" \"${PODS_ROOT}/Manifest.lock\" > /dev/null\nif [ $? != 0 ] ; then\n    # print error to STDERR\n    echo \"error: The sandbox is not in sync with the Podfile.lock. Run 'pod install' or update your CocoaPods installation.\" >&2\n    exit 1\nfi\n# This output is used by Xcode 'outputs' to avoid re-running this script phase.\necho \"SUCCESS\" > \"${SCRIPT_OUTPUT_FILE_0}\"\n";
			showEnvVarsInLog = 0;
		};
		F6280BEF776C408D986F1C80 /* [CP] Check Pods Manifest.lock */ = {
			isa = PBXShellScriptBuildPhase;
			buildActionMask = 2147483647;
			files = (
			);
			inputFileListPaths = (
			);
			inputPaths = (
				"${PODS_PODFILE_DIR_PATH}/Podfile.lock",
				"${PODS_ROOT}/Manifest.lock",
			);
			name = "[CP] Check Pods Manifest.lock";
			outputFileListPaths = (
			);
			outputPaths = (
				"$(DERIVED_FILE_DIR)/Pods-NASA_AppTests-checkManifestLockResult.txt",
			);
			runOnlyForDeploymentPostprocessing = 0;
			shellPath = /bin/sh;
			shellScript = "diff \"${PODS_PODFILE_DIR_PATH}/Podfile.lock\" \"${PODS_ROOT}/Manifest.lock\" > /dev/null\nif [ $? != 0 ] ; then\n    # print error to STDERR\n    echo \"error: The sandbox is not in sync with the Podfile.lock. Run 'pod install' or update your CocoaPods installation.\" >&2\n    exit 1\nfi\n# This output is used by Xcode 'outputs' to avoid re-running this script phase.\necho \"SUCCESS\" > \"${SCRIPT_OUTPUT_FILE_0}\"\n";
			showEnvVarsInLog = 0;
		};
/* End PBXShellScriptBuildPhase section */

/* Begin PBXSourcesBuildPhase section */
		245113AC262D82AE00E0A630 /* Sources */ = {
			isa = PBXSourcesBuildPhase;
			buildActionMask = 2147483647;
			files = (
				245113C0262D82B200E0A630 /* NASA_App.xcdatamodeld in Sources */,
				245113BD262D82B200E0A630 /* Persistence.swift in Sources */,
				245113B6262D82AE00E0A630 /* ContentView.swift in Sources */,
				245113B4262D82AE00E0A630 /* NASA_AppApp.swift in Sources */,
			);
			runOnlyForDeploymentPostprocessing = 0;
		};
		245113C2262D82B200E0A630 /* Sources */ = {
			isa = PBXSourcesBuildPhase;
			buildActionMask = 2147483647;
			files = (
				245113CB262D82B200E0A630 /* NASA_AppTests.swift in Sources */,
			);
			runOnlyForDeploymentPostprocessing = 0;
		};
		245113CD262D82B300E0A630 /* Sources */ = {
			isa = PBXSourcesBuildPhase;
			buildActionMask = 2147483647;
			files = (
				245113D6262D82B300E0A630 /* NASA_AppUITests.swift in Sources */,
			);
			runOnlyForDeploymentPostprocessing = 0;
		};
/* End PBXSourcesBuildPhase section */

/* Begin PBXTargetDependency section */
		245113C8262D82B200E0A630 /* PBXTargetDependency */ = {
			isa = PBXTargetDependency;
			target = 245113AF262D82AE00E0A630 /* NASA_App */;
			targetProxy = 245113C7262D82B200E0A630 /* PBXContainerItemProxy */;
		};
		245113D3262D82B300E0A630 /* PBXTargetDependency */ = {
			isa = PBXTargetDependency;
			target = 245113AF262D82AE00E0A630 /* NASA_App */;
			targetProxy = 245113D2262D82B300E0A630 /* PBXContainerItemProxy */;
		};
/* End PBXTargetDependency section */

/* Begin XCBuildConfiguration section */
		245113D8262D82B300E0A630 /* Debug */ = {
			isa = XCBuildConfiguration;
			buildSettings = {
				ALWAYS_SEARCH_USER_PATHS = NO;
				CLANG_ANALYZER_NONNULL = YES;
				CLANG_ANALYZER_NUMBER_OBJECT_CONVERSION = YES_AGGRESSIVE;
				CLANG_CXX_LANGUAGE_STANDARD = "gnu++14";
				CLANG_CXX_LIBRARY = "libc++";
				CLANG_ENABLE_MODULES = YES;
				CLANG_ENABLE_OBJC_ARC = YES;
				CLANG_ENABLE_OBJC_WEAK = YES;
				CLANG_WARN_BLOCK_CAPTURE_AUTORELEASING = YES;
				CLANG_WARN_BOOL_CONVERSION = YES;
				CLANG_WARN_COMMA = YES;
				CLANG_WARN_CONSTANT_CONVERSION = YES;
				CLANG_WARN_DEPRECATED_OBJC_IMPLEMENTATIONS = YES;
				CLANG_WARN_DIRECT_OBJC_ISA_USAGE = YES_ERROR;
				CLANG_WARN_DOCUMENTATION_COMMENTS = YES;
				CLANG_WARN_EMPTY_BODY = YES;
				CLANG_WARN_ENUM_CONVERSION = YES;
				CLANG_WARN_INFINITE_RECURSION = YES;
				CLANG_WARN_INT_CONVERSION = YES;
				CLANG_WARN_NON_LITERAL_NULL_CONVERSION = YES;
				CLANG_WARN_OBJC_IMPLICIT_RETAIN_SELF = YES;
				CLANG_WARN_OBJC_LITERAL_CONVERSION = YES;
				CLANG_WARN_OBJC_ROOT_CLASS = YES_ERROR;
				CLANG_WARN_QUOTED_INCLUDE_IN_FRAMEWORK_HEADER = YES;
				CLANG_WARN_RANGE_LOOP_ANALYSIS = YES;
				CLANG_WARN_STRICT_PROTOTYPES = YES;
				CLANG_WARN_SUSPICIOUS_MOVE = YES;
				CLANG_WARN_UNGUARDED_AVAILABILITY = YES_AGGRESSIVE;
				CLANG_WARN_UNREACHABLE_CODE = YES;
				CLANG_WARN__DUPLICATE_METHOD_MATCH = YES;
				COPY_PHASE_STRIP = NO;
				DEBUG_INFORMATION_FORMAT = dwarf;
				ENABLE_STRICT_OBJC_MSGSEND = YES;
				ENABLE_TESTABILITY = YES;
				GCC_C_LANGUAGE_STANDARD = gnu11;
				GCC_DYNAMIC_NO_PIC = NO;
				GCC_NO_COMMON_BLOCKS = YES;
				GCC_OPTIMIZATION_LEVEL = 0;
				GCC_PREPROCESSOR_DEFINITIONS = (
					"DEBUG=1",
					"$(inherited)",
				);
				GCC_WARN_64_TO_32_BIT_CONVERSION = YES;
				GCC_WARN_ABOUT_RETURN_TYPE = YES_ERROR;
				GCC_WARN_UNDECLARED_SELECTOR = YES;
				GCC_WARN_UNINITIALIZED_AUTOS = YES_AGGRESSIVE;
				GCC_WARN_UNUSED_FUNCTION = YES;
				GCC_WARN_UNUSED_VARIABLE = YES;
				IPHONEOS_DEPLOYMENT_TARGET = 14.4;
				MTL_ENABLE_DEBUG_INFO = INCLUDE_SOURCE;
				MTL_FAST_MATH = YES;
				ONLY_ACTIVE_ARCH = YES;
				SDKROOT = iphoneos;
				SWIFT_ACTIVE_COMPILATION_CONDITIONS = DEBUG;
				SWIFT_OPTIMIZATION_LEVEL = "-Onone";
			};
			name = Debug;
		};
		245113D9262D82B300E0A630 /* Release */ = {
			isa = XCBuildConfiguration;
			buildSettings = {
				ALWAYS_SEARCH_USER_PATHS = NO;
				CLANG_ANALYZER_NONNULL = YES;
				CLANG_ANALYZER_NUMBER_OBJECT_CONVERSION = YES_AGGRESSIVE;
				CLANG_CXX_LANGUAGE_STANDARD = "gnu++14";
				CLANG_CXX_LIBRARY = "libc++";
				CLANG_ENABLE_MODULES = YES;
				CLANG_ENABLE_OBJC_ARC = YES;
				CLANG_ENABLE_OBJC_WEAK = YES;
				CLANG_WARN_BLOCK_CAPTURE_AUTORELEASING = YES;
				CLANG_WARN_BOOL_CONVERSION = YES;
				CLANG_WARN_COMMA = YES;
				CLANG_WARN_CONSTANT_CONVERSION = YES;
				CLANG_WARN_DEPRECATED_OBJC_IMPLEMENTATIONS = YES;
				CLANG_WARN_DIRECT_OBJC_ISA_USAGE = YES_ERROR;
				CLANG_WARN_DOCUMENTATION_COMMENTS = YES;
				CLANG_WARN_EMPTY_BODY = YES;
				CLANG_WARN_ENUM_CONVERSION = YES;
				CLANG_WARN_INFINITE_RECURSION = YES;
				CLANG_WARN_INT_CONVERSION = YES;
				CLANG_WARN_NON_LITERAL_NULL_CONVERSION = YES;
				CLANG_WARN_OBJC_IMPLICIT_RETAIN_SELF = YES;
				CLANG_WARN_OBJC_LITERAL_CONVERSION = YES;
				CLANG_WARN_OBJC_ROOT_CLASS = YES_ERROR;
				CLANG_WARN_QUOTED_INCLUDE_IN_FRAMEWORK_HEADER = YES;
				CLANG_WARN_RANGE_LOOP_ANALYSIS = YES;
				CLANG_WARN_STRICT_PROTOTYPES = YES;
				CLANG_WARN_SUSPICIOUS_MOVE = YES;
				CLANG_WARN_UNGUARDED_AVAILABILITY = YES_AGGRESSIVE;
				CLANG_WARN_UNREACHABLE_CODE = YES;
				CLANG_WARN__DUPLICATE_METHOD_MATCH = YES;
				COPY_PHASE_STRIP = NO;
				DEBUG_INFORMATION_FORMAT = "dwarf-with-dsym";
				ENABLE_NS_ASSERTIONS = NO;
				ENABLE_STRICT_OBJC_MSGSEND = YES;
				GCC_C_LANGUAGE_STANDARD = gnu11;
				GCC_NO_COMMON_BLOCKS = YES;
				GCC_WARN_64_TO_32_BIT_CONVERSION = YES;
				GCC_WARN_ABOUT_RETURN_TYPE = YES_ERROR;
				GCC_WARN_UNDECLARED_SELECTOR = YES;
				GCC_WARN_UNINITIALIZED_AUTOS = YES_AGGRESSIVE;
				GCC_WARN_UNUSED_FUNCTION = YES;
				GCC_WARN_UNUSED_VARIABLE = YES;
				IPHONEOS_DEPLOYMENT_TARGET = 14.4;
				MTL_ENABLE_DEBUG_INFO = NO;
				MTL_FAST_MATH = YES;
				SDKROOT = iphoneos;
				SWIFT_COMPILATION_MODE = wholemodule;
				SWIFT_OPTIMIZATION_LEVEL = "-O";
				VALIDATE_PRODUCT = YES;
			};
			name = Release;
		};
		245113DB262D82B300E0A630 /* Debug */ = {
			isa = XCBuildConfiguration;
			baseConfigurationReference = 2DF066DAC6A18E59C262F36E /* Pods-NASA_App.debug.xcconfig */;
			buildSettings = {
				ASSETCATALOG_COMPILER_APPICON_NAME = AppIcon;
				ASSETCATALOG_COMPILER_GLOBAL_ACCENT_COLOR_NAME = AccentColor;
				CODE_SIGN_STYLE = Automatic;
				DEVELOPMENT_ASSET_PATHS = "\"NASA_App/Preview Content\"";
				DEVELOPMENT_TEAM = ABU276KR57;
				ENABLE_PREVIEWS = YES;
				INFOPLIST_FILE = NASA_App/Info.plist;
				IPHONEOS_DEPLOYMENT_TARGET = 14.0;
				LD_RUNPATH_SEARCH_PATHS = (
					"$(inherited)",
					"@executable_path/Frameworks",
				);
				PRODUCT_BUNDLE_IDENTIFIER = "MG.NASA-App";
				PRODUCT_NAME = "$(TARGET_NAME)";
				SWIFT_VERSION = 5.0;
				TARGETED_DEVICE_FAMILY = "1,2";
			};
			name = Debug;
		};
		245113DC262D82B300E0A630 /* Release */ = {
			isa = XCBuildConfiguration;
			baseConfigurationReference = 9C68C7FE35FEB721AEAA2595 /* Pods-NASA_App.release.xcconfig */;
			buildSettings = {
				ASSETCATALOG_COMPILER_APPICON_NAME = AppIcon;
				ASSETCATALOG_COMPILER_GLOBAL_ACCENT_COLOR_NAME = AccentColor;
				CODE_SIGN_STYLE = Automatic;
				DEVELOPMENT_ASSET_PATHS = "\"NASA_App/Preview Content\"";
				DEVELOPMENT_TEAM = ABU276KR57;
				ENABLE_PREVIEWS = YES;
				INFOPLIST_FILE = NASA_App/Info.plist;
				IPHONEOS_DEPLOYMENT_TARGET = 14.0;
				LD_RUNPATH_SEARCH_PATHS = (
					"$(inherited)",
					"@executable_path/Frameworks",
				);
				PRODUCT_BUNDLE_IDENTIFIER = "MG.NASA-App";
				PRODUCT_NAME = "$(TARGET_NAME)";
				SWIFT_VERSION = 5.0;
				TARGETED_DEVICE_FAMILY = "1,2";
			};
			name = Release;
		};
		245113DE262D82B300E0A630 /* Debug */ = {
			isa = XCBuildConfiguration;
			baseConfigurationReference = 79FD99C1D547B4181ABA0732 /* Pods-NASA_AppTests.debug.xcconfig */;
			buildSettings = {
				ALWAYS_EMBED_SWIFT_STANDARD_LIBRARIES = YES;
				BUNDLE_LOADER = "$(TEST_HOST)";
				CODE_SIGN_STYLE = Automatic;
				DEVELOPMENT_TEAM = ABU276KR57;
				INFOPLIST_FILE = NASA_AppTests/Info.plist;
				IPHONEOS_DEPLOYMENT_TARGET = 14.0;
				LD_RUNPATH_SEARCH_PATHS = (
					"$(inherited)",
					"@executable_path/Frameworks",
					"@loader_path/Frameworks",
				);
				PRODUCT_BUNDLE_IDENTIFIER = "MG.NASA-AppTests";
				PRODUCT_NAME = "$(TARGET_NAME)";
				SWIFT_VERSION = 5.0;
				TARGETED_DEVICE_FAMILY = "1,2";
				TEST_HOST = "$(BUILT_PRODUCTS_DIR)/NASA_App.app/NASA_App";
			};
			name = Debug;
		};
		245113DF262D82B300E0A630 /* Release */ = {
			isa = XCBuildConfiguration;
			baseConfigurationReference = D204A99111595FE031DE8612 /* Pods-NASA_AppTests.release.xcconfig */;
			buildSettings = {
				ALWAYS_EMBED_SWIFT_STANDARD_LIBRARIES = YES;
				BUNDLE_LOADER = "$(TEST_HOST)";
				CODE_SIGN_STYLE = Automatic;
				DEVELOPMENT_TEAM = ABU276KR57;
				INFOPLIST_FILE = NASA_AppTests/Info.plist;
				IPHONEOS_DEPLOYMENT_TARGET = 14.0;
				LD_RUNPATH_SEARCH_PATHS = (
					"$(inherited)",
					"@executable_path/Frameworks",
					"@loader_path/Frameworks",
				);
				PRODUCT_BUNDLE_IDENTIFIER = "MG.NASA-AppTests";
				PRODUCT_NAME = "$(TARGET_NAME)";
				SWIFT_VERSION = 5.0;
				TARGETED_DEVICE_FAMILY = "1,2";
				TEST_HOST = "$(BUILT_PRODUCTS_DIR)/NASA_App.app/NASA_App";
			};
			name = Release;
		};
		245113E1262D82B300E0A630 /* Debug */ = {
			isa = XCBuildConfiguration;
			baseConfigurationReference = 68795935C6CB1226D04AAA08 /* Pods-NASA_App-NASA_AppUITests.debug.xcconfig */;
			buildSettings = {
				ALWAYS_EMBED_SWIFT_STANDARD_LIBRARIES = YES;
				CODE_SIGN_STYLE = Automatic;
				DEVELOPMENT_TEAM = ABU276KR57;
				INFOPLIST_FILE = NASA_AppUITests/Info.plist;
				LD_RUNPATH_SEARCH_PATHS = (
					"$(inherited)",
					"@executable_path/Frameworks",
					"@loader_path/Frameworks",
				);
				PRODUCT_BUNDLE_IDENTIFIER = "MG.NASA-AppUITests";
				PRODUCT_NAME = "$(TARGET_NAME)";
				SWIFT_VERSION = 5.0;
				TARGETED_DEVICE_FAMILY = "1,2";
				TEST_TARGET_NAME = NASA_App;
			};
			name = Debug;
		};
		245113E2262D82B300E0A630 /* Release */ = {
			isa = XCBuildConfiguration;
			baseConfigurationReference = BD33B08BAA0B1EF134411CAC /* Pods-NASA_App-NASA_AppUITests.release.xcconfig */;
			buildSettings = {
				ALWAYS_EMBED_SWIFT_STANDARD_LIBRARIES = YES;
				CODE_SIGN_STYLE = Automatic;
				DEVELOPMENT_TEAM = ABU276KR57;
				INFOPLIST_FILE = NASA_AppUITests/Info.plist;
				LD_RUNPATH_SEARCH_PATHS = (
					"$(inherited)",
					"@executable_path/Frameworks",
					"@loader_path/Frameworks",
				);
				PRODUCT_BUNDLE_IDENTIFIER = "MG.NASA-AppUITests";
				PRODUCT_NAME = "$(TARGET_NAME)";
				SWIFT_VERSION = 5.0;
				TARGETED_DEVICE_FAMILY = "1,2";
				TEST_TARGET_NAME = NASA_App;
			};
			name = Release;
		};
/* End XCBuildConfiguration section */

/* Begin XCConfigurationList section */
		245113AB262D82AE00E0A630 /* Build configuration list for PBXProject "NASA_App" */ = {
			isa = XCConfigurationList;
			buildConfigurations = (
				245113D8262D82B300E0A630 /* Debug */,
				245113D9262D82B300E0A630 /* Release */,
			);
			defaultConfigurationIsVisible = 0;
			defaultConfigurationName = Release;
		};
		245113DA262D82B300E0A630 /* Build configuration list for PBXNativeTarget "NASA_App" */ = {
			isa = XCConfigurationList;
			buildConfigurations = (
				245113DB262D82B300E0A630 /* Debug */,
				245113DC262D82B300E0A630 /* Release */,
			);
			defaultConfigurationIsVisible = 0;
			defaultConfigurationName = Release;
		};
		245113DD262D82B300E0A630 /* Build configuration list for PBXNativeTarget "NASA_AppTests" */ = {
			isa = XCConfigurationList;
			buildConfigurations = (
				245113DE262D82B300E0A630 /* Debug */,
				245113DF262D82B300E0A630 /* Release */,
			);
			defaultConfigurationIsVisible = 0;
			defaultConfigurationName = Release;
		};
		245113E0262D82B300E0A630 /* Build configuration list for PBXNativeTarget "NASA_AppUITests" */ = {
			isa = XCConfigurationList;
			buildConfigurations = (
				245113E1262D82B300E0A630 /* Debug */,
				245113E2262D82B300E0A630 /* Release */,
			);
			defaultConfigurationIsVisible = 0;
			defaultConfigurationName = Release;
		};
/* End XCConfigurationList section */

/* Begin XCVersionGroup section */
		245113BE262D82B200E0A630 /* NASA_App.xcdatamodeld */ = {
			isa = XCVersionGroup;
			children = (
				245113BF262D82B200E0A630 /* NASA_App.xcdatamodel */,
			);
			currentVersion = 245113BF262D82B200E0A630 /* NASA_App.xcdatamodel */;
			path = NASA_App.xcdatamodeld;
			sourceTree = "<group>";
			versionGroupType = wrapper.xcdatamodel;
		};
/* End XCVersionGroup section */
	};
	rootObject = 245113A8262D82AE00E0A630 /* Project object */;
}
